
Microsoft Visual Studio Solution File, Format Version 12.00
# Visual Studio Version 16
VisualStudioVersion = 16.0.31911.196
MinimumVisualStudioVersion = 10.0.40219.1
Project("{FAE04EC0-301F-11D3-BF4B-00C04F79EFBC}") = "P127_Generics_Collections", "P127_Generics_Collections\P127_Generics_Collections.csproj", "{AF9E31B0-85C7-4F37-ACF9-D6DDEF19AA15}"
EndProject
Global
	GlobalSection(SolutionConfigurationPlatforms) = preSolution
		Debug|Any CPU = Debug|Any CPU
		Release|Any CPU = Release|Any CPU
	EndGlobalSection
	GlobalSection(ProjectConfigurationPlatforms) = postSolution
		{AF9E31B0-85C7-4F37-ACF9-D6DDEF19AA15}.Debug|Any CPU.ActiveCfg = Debug|Any CPU
		{AF9E31B0-85C7-4F37-ACF9-D6DDEF19AA15}.Debug|Any CPU.Build.0 = Debug|Any CPU
		{AF9E31B0-85C7-4F37-ACF9-D6DDEF19AA15}.Release|Any CPU.ActiveCfg = Release|Any CPU
		{AF9E31B0-85C7-4F37-ACF9-D6DDEF19AA15}.Release|Any CPU.Build.0 = Release|Any CPU
	EndGlobalSection
	GlobalSection(SolutionProperties) = preSolution
		HideSolutionNode = FALSE
	EndGlobalSection
	GlobalSection(ExtensibilityGlobals) = postSolution
		SolutionGuid = {6A639878-998A-4A62-93B1-09C763D85B41}
	EndGlobalSection
EndGlobal
